{
  "name": "prisma-orm",
  "version": "1.0.0",
  "lockfileVersion": 3,
  "requires": true,
  "packages": {
    "": {
      "name": "prisma-orm",
      "version": "1.0.0",
      "license": "ISC",
      "dependencies": {
        "@prisma/client": "^5.15.1",
        "prisma": "^5.15.1"
      }
    },
    "node_modules/@prisma/client": {
      "version": "5.15.1",
      "resolved": "https://registry.npmjs.org/@prisma/client/-/client-5.15.1.tgz",
      "integrity": "sha512-fmZRGmsUJ9+VwC/AvfP/PwdpD0xAEyPvNsD9/B3+GYpETq9VejVRT3PiqNvl76q1uYYzNZeo8u/LmzzTetHSEg==",
      "hasInstallScript": true,
      "license": "Apache-2.0",
      "engines": {
        "node": ">=16.13"
      },
      "peerDependencies": {
        "prisma": "*"
      },
      "peerDependenciesMeta": {
        "prisma": {
          "optional": true
        }
      }
    },
    "node_modules/@prisma/debug": {
      "version": "5.15.1",
      "resolved": "https://registry.npmjs.org/@prisma/debug/-/debug-5.15.1.tgz",
      "integrity": "sha512-NQjdEplhXEcPvf84ghxExC+LD+iTimbg3sZvA3BhybVQIocBEBxFf9GTHhmRVPmjrWoBaYJBVgEEBXZT27JTbQ==",
      "license": "Apache-2.0"
    },
    "node_modules/@prisma/engines": {
      "version": "5.15.1",
      "resolved": "https://registry.npmjs.org/@prisma/engines/-/engines-5.15.1.tgz",
      "integrity": "sha512-1iTRxJEFvpBpEWf2bYiMG6LBBQhX7X+GA5piH+tmPWgc/v+/ElxQf2kjQxby8AErmZqtZkdoKJ7FSRjNjBPE9Q==",
      "hasInstallScript": true,
      "license": "Apache-2.0",
      "dependencies": {
        "@prisma/debug": "5.15.1",
        "@prisma/engines-version": "5.15.1-1.5675a3182f972f1a8f31d16eee6abf4fd54910e3",
        "@prisma/fetch-engine": "5.15.1",
        "@prisma/get-platform": "5.15.1"
      }
    },
    "node_modules/@prisma/engines-version": {
      "version": "5.15.1-1.5675a3182f972f1a8f31d16eee6abf4fd54910e3",
      "resolved": "https://registry.npmjs.org/@prisma/engines-version/-/engines-version-5.15.1-1.5675a3182f972f1a8f31d16eee6abf4fd54910e3.tgz",
      "integrity": "sha512-7csphKGCG6n/cN1MkT1mJvQ78Ir18IknlYZ8eyEoLKdQBb0HscR/6TyPmzqrMA7Rz01K1KeXqctwAqxtA/lKQg==",
      "license": "Apache-2.0"
    },
    "node_modules/@prisma/fetch-engine": {
      "version": "5.15.1",
      "resolved": "https://registry.npmjs.org/@prisma/fetch-engine/-/fetch-engine-5.15.1.tgz",
      "integrity": "sha512-mj0wfsJ+mAdDp1ynT2JKxAXa+CoYMT267qF7g2Uv+oaVTI2CMfGWouMARht8T2QLTgl+gpXSFTwIYbcR+oWEtw==",
      "license": "Apache-2.0",
      "dependencies": {
        "@prisma/debug": "5.15.1",
        "@prisma/engines-version": "5.15.1-1.5675a3182f972f1a8f31d16eee6abf4fd54910e3",
        "@prisma/get-platform": "5.15.1"
      }
    },
    "node_modules/@prisma/get-platform": {
      "version": "5.15.1",
      "resolved": "https://registry.npmjs.org/@prisma/get-platform/-/get-platform-5.15.1.tgz",
      "integrity": "sha512-oFccp7bYys+ZYkmtYzjR+0cRrGKvSuF+h5QhSkyEsYQ9kzJzQRvuWt2SiHRPt8xOQ4MTmujM+bP5uOexnnAHdQ==",
      "license": "Apache-2.0",
      "dependencies": {
        "@prisma/debug": "5.15.1"
      }
    },
    "node_modules/prisma": {
      "version": "5.15.1",
      "resolved": "https://registry.npmjs.org/prisma/-/prisma-5.15.1.tgz",
      "integrity": "sha512-pYsUVpTlYvZ6mWvZKDv9rKdUa7tlfSUJY1CVtgb8Had1pHbIm9fr1MBASccr5XnSuCUrjnvKhWNwgSYy6aCajA==",
      "hasInstallScript": true,
      "license": "Apache-2.0",
      "dependencies": {
        "@prisma/engines": "5.15.1"
      },
      "bin": {
        "prisma": "build/index.js"
      },
      "engines": {
        "node": ">=16.13"
      }
    }
  }
}
